# This file is automatically @generated by Cargo.
# It is not intended for manual editing.
[[package]]
name = "illumos-ci-test"
version = "0.1.0"
dependencies = [
 "zonename",
]

[[package]]
name = "libc"
version = "0.2.86"
source = "registry+https://github.com/rust-lang/crates.io-index"
checksum = "b7282d924be3275cec7f6756ff4121987bc6481325397dde6ba3e7802b1a8b1c"

[[package]]
name = "zonename"
version = "0.1.1"
source = "registry+https://github.com/rust-lang/crates.io-index"
checksum = "fbae92f4d6548e85a594164dfb54fcb36a9e32b923dcd43a9fc4dfbd667efb1c"
dependencies = [
 "libc",
]
